
Microsoft Visual Studio Solution File, Format Version 12.00
# Visual Studio Version 17
VisualStudioVersion = 17.5.33530.505
MinimumVisualStudioVersion = 10.0.40219.1
Project("{FAE04EC0-301F-11D3-BF4B-00C04F79EFBC}") = "First", "First\First.csproj", "{FE4EACC7-2E11-42CC-B087-1D5900277751}"
EndProject
Global
	GlobalSection(SolutionConfigurationPlatforms) = preSolution
		Debug|Any CPU = Debug|Any CPU
		Release|Any CPU = Release|Any CPU
	EndGlobalSection
	GlobalSection(ProjectConfigurationPlatforms) = postSolution
		{FE4EACC7-2E11-42CC-B087-1D5900277751}.Debug|Any CPU.ActiveCfg = Debug|Any CPU
		{FE4EACC7-2E11-42CC-B087-1D5900277751}.Debug|Any CPU.Build.0 = Debug|Any CPU
		{FE4EACC7-2E11-42CC-B087-1D5900277751}.Release|Any CPU.ActiveCfg = Release|Any CPU
		{FE4EACC7-2E11-42CC-B087-1D5900277751}.Release|Any CPU.Build.0 = Release|Any CPU
	EndGlobalSection
	GlobalSection(SolutionProperties) = preSolution
		HideSolutionNode = FALSE
	EndGlobalSection
	GlobalSection(ExtensibilityGlobals) = postSolution
		SolutionGuid = {6AFF90E1-E368-4811-BADB-A63A8878A7C1}
	EndGlobalSection
EndGlobal
